
Microsoft Visual Studio Solution File, Format Version 12.00
# Visual Studio Version 16
VisualStudioVersion = 25.0.1706.11
MinimumVisualStudioVersion = 10.0.40219.1
Project("{FAE04EC0-301F-11D3-BF4B-00C04F79EFBC}") = "API_livechat", "API_livechat\API_livechat.csproj", "{2128D4F5-AE8D-480D-95B0-CE451C8805EC}"
EndProject
Global
	GlobalSection(SolutionConfigurationPlatforms) = preSolution
		Debug|Any CPU = Debug|Any CPU
		Release|Any CPU = Release|Any CPU
	EndGlobalSection
	GlobalSection(ProjectConfigurationPlatforms) = postSolution
		{2128D4F5-AE8D-480D-95B0-CE451C8805EC}.Debug|Any CPU.ActiveCfg = Debug|Any CPU
		{2128D4F5-AE8D-480D-95B0-CE451C8805EC}.Debug|Any CPU.Build.0 = Debug|Any CPU
		{2128D4F5-AE8D-480D-95B0-CE451C8805EC}.Release|Any CPU.ActiveCfg = Release|Any CPU
		{2128D4F5-AE8D-480D-95B0-CE451C8805EC}.Release|Any CPU.Build.0 = Release|Any CPU
	EndGlobalSection
	GlobalSection(SolutionProperties) = preSolution
		HideSolutionNode = FALSE
	EndGlobalSection
	GlobalSection(ExtensibilityGlobals) = postSolution
		SolutionGuid = {E2FA6188-3B05-4E5A-BA87-F1D3DE2DD6AC}
	EndGlobalSection
EndGlobal
